
Microsoft Visual Studio Solution File, Format Version 12.00
# Visual Studio Version 16
VisualStudioVersion = 16.0.29728.190
MinimumVisualStudioVersion = 10.0.40219.1
Project("{FAE04EC0-301F-11D3-BF4B-00C04F79EFBC}") = "Repeat", "Repeat\Repeat.csproj", "{53B617FF-9824-4BDD-BB9B-5DAE8A30B550}"
EndProject
Global
	GlobalSection(SolutionConfigurationPlatforms) = preSolution
		Debug|Any CPU = Debug|Any CPU
		Release|Any CPU = Release|Any CPU
	EndGlobalSection
	GlobalSection(ProjectConfigurationPlatforms) = postSolution
		{53B617FF-9824-4BDD-BB9B-5DAE8A30B550}.Debug|Any CPU.ActiveCfg = Debug|Any CPU
		{53B617FF-9824-4BDD-BB9B-5DAE8A30B550}.Debug|Any CPU.Build.0 = Debug|Any CPU
		{53B617FF-9824-4BDD-BB9B-5DAE8A30B550}.Release|Any CPU.ActiveCfg = Release|Any CPU
		{53B617FF-9824-4BDD-BB9B-5DAE8A30B550}.Release|Any CPU.Build.0 = Release|Any CPU
	EndGlobalSection
	GlobalSection(SolutionProperties) = preSolution
		HideSolutionNode = FALSE
	EndGlobalSection
	GlobalSection(ExtensibilityGlobals) = postSolution
		SolutionGuid = {8352E6BD-B78D-460E-9DE0-777EAC832A64}
	EndGlobalSection
EndGlobal
