
Microsoft Visual Studio Solution File, Format Version 12.00
# Visual Studio Version 16
VisualStudioVersion = 16.0.29728.190
MinimumVisualStudioVersion = 10.0.40219.1
Project("{9A19103F-16F7-4668-BE54-9A1E7A4F7556}") = "Repeat", "Repeat\Repeat.csproj", "{53B617FF-9824-4BDD-BB9B-5DAE8A30B550}"
EndProject
Project("{9A19103F-16F7-4668-BE54-9A1E7A4F7556}") = "Repeat.Domain", "Repeat.Domain\Repeat.Domain.csproj", "{A9926DC0-B8E6-4308-8641-F1B2F6C17F24}"
EndProject
Project("{2150E333-8FDC-42A3-9474-1A3956D46DE8}") = "Solution Items", "Solution Items", "{4AD25B82-D13B-41C6-A925-99DBF222D686}"
	ProjectSection(SolutionItems) = preProject
		.a11yrc = .a11yrc
		.editorconfig = .editorconfig
		.gitignore = .gitignore
		.github\workflows\coverage.yml = .github\workflows\coverage.yml
		.github\workflows\dotnet-core.yml = .github\workflows\dotnet-core.yml
		README.md = README.md
		.github\workflows\sonar.yml = .github\workflows\sonar.yml
	EndProjectSection
EndProject
Project("{9A19103F-16F7-4668-BE54-9A1E7A4F7556}") = "Repeat.Infrastucture", "Repeat.Infrastructure\Repeat.Infrastucture.csproj", "{7A793661-F67B-4854-8226-61625783E2DB}"
EndProject
Project("{2150E333-8FDC-42A3-9474-1A3956D46DE8}") = "Tests", "Tests", "{1B468962-515D-47D3-BAE2-347AB9D3ABD7}"
EndProject
Project("{9A19103F-16F7-4668-BE54-9A1E7A4F7556}") = "Repeat.Infrastructure.Tests", "Repeat.Infrastructure.Tests\Repeat.Infrastructure.Tests.csproj", "{96DD0E98-B3AF-4978-992F-1553183D5FF4}"
EndProject
Global
	GlobalSection(SolutionConfigurationPlatforms) = preSolution
		Debug|Any CPU = Debug|Any CPU
		Release|Any CPU = Release|Any CPU
	EndGlobalSection
	GlobalSection(ProjectConfigurationPlatforms) = postSolution
		{53B617FF-9824-4BDD-BB9B-5DAE8A30B550}.Debug|Any CPU.ActiveCfg = Debug|Any CPU
		{53B617FF-9824-4BDD-BB9B-5DAE8A30B550}.Debug|Any CPU.Build.0 = Debug|Any CPU
		{53B617FF-9824-4BDD-BB9B-5DAE8A30B550}.Release|Any CPU.ActiveCfg = Release|Any CPU
		{53B617FF-9824-4BDD-BB9B-5DAE8A30B550}.Release|Any CPU.Build.0 = Release|Any CPU
		{A9926DC0-B8E6-4308-8641-F1B2F6C17F24}.Debug|Any CPU.ActiveCfg = Debug|Any CPU
		{A9926DC0-B8E6-4308-8641-F1B2F6C17F24}.Debug|Any CPU.Build.0 = Debug|Any CPU
		{A9926DC0-B8E6-4308-8641-F1B2F6C17F24}.Release|Any CPU.ActiveCfg = Release|Any CPU
		{A9926DC0-B8E6-4308-8641-F1B2F6C17F24}.Release|Any CPU.Build.0 = Release|Any CPU
		{7A793661-F67B-4854-8226-61625783E2DB}.Debug|Any CPU.ActiveCfg = Debug|Any CPU
		{7A793661-F67B-4854-8226-61625783E2DB}.Debug|Any CPU.Build.0 = Debug|Any CPU
		{7A793661-F67B-4854-8226-61625783E2DB}.Release|Any CPU.ActiveCfg = Release|Any CPU
		{7A793661-F67B-4854-8226-61625783E2DB}.Release|Any CPU.Build.0 = Release|Any CPU
		{96DD0E98-B3AF-4978-992F-1553183D5FF4}.Debug|Any CPU.ActiveCfg = Debug|Any CPU
		{96DD0E98-B3AF-4978-992F-1553183D5FF4}.Debug|Any CPU.Build.0 = Debug|Any CPU
		{96DD0E98-B3AF-4978-992F-1553183D5FF4}.Release|Any CPU.ActiveCfg = Release|Any CPU
		{96DD0E98-B3AF-4978-992F-1553183D5FF4}.Release|Any CPU.Build.0 = Release|Any CPU
	EndGlobalSection
	GlobalSection(SolutionProperties) = preSolution
		HideSolutionNode = FALSE
	EndGlobalSection
	GlobalSection(NestedProjects) = preSolution
		{96DD0E98-B3AF-4978-992F-1553183D5FF4} = {1B468962-515D-47D3-BAE2-347AB9D3ABD7}
	EndGlobalSection
	GlobalSection(ExtensibilityGlobals) = postSolution
		SolutionGuid = {8352E6BD-B78D-460E-9DE0-777EAC832A64}
	EndGlobalSection
EndGlobal
